// !$*UTF8*$!
{
	archiveVersion = 1;
	classes = {
	};
	objectVersion = 50;
	objects = {

/* Begin PBXBuildFile section */
		9B00820A211BFAFC005761F1 /* DetailViewCollectionViewController.swift in Sources */ = {isa = PBXBuildFile; fileRef = 9B008209211BFAFC005761F1 /* DetailViewCollectionViewController.swift */; };
		9B064B3120AD39DF007F2832 /* AppDelegate.swift in Sources */ = {isa = PBXBuildFile; fileRef = 9B064B3020AD39DF007F2832 /* AppDelegate.swift */; };
		9B064B3620AD39DF007F2832 /* Main.storyboard in Resources */ = {isa = PBXBuildFile; fileRef = 9B064B3420AD39DF007F2832 /* Main.storyboard */; };
		9B064B3820AD39E2007F2832 /* Assets.xcassets in Resources */ = {isa = PBXBuildFile; fileRef = 9B064B3720AD39E2007F2832 /* Assets.xcassets */; };
		9B064B3B20AD39E2007F2832 /* LaunchScreen.storyboard in Resources */ = {isa = PBXBuildFile; fileRef = 9B064B3920AD39E2007F2832 /* LaunchScreen.storyboard */; };
		9B090ACF2114336F00A3D508 /* City.swift in Sources */ = {isa = PBXBuildFile; fileRef = 9B090ACE2114336F00A3D508 /* City.swift */; };
		9B0AA7FA20AD43E800747A0A /* MainTableViewController.swift in Sources */ = {isa = PBXBuildFile; fileRef = 9B0AA7F920AD43E800747A0A /* MainTableViewController.swift */; };
		9B0AA7FD20AD48CD00747A0A /* MainViewModel.swift in Sources */ = {isa = PBXBuildFile; fileRef = 9B0AA7FC20AD48CD00747A0A /* MainViewModel.swift */; };
		9B0AA7FF20AD495300747A0A /* DataHelper.swift in Sources */ = {isa = PBXBuildFile; fileRef = 9B0AA7FE20AD495300747A0A /* DataHelper.swift */; };
		9B0AA80120AD4A1D00747A0A /* Constants.swift in Sources */ = {isa = PBXBuildFile; fileRef = 9B0AA80020AD4A1D00747A0A /* Constants.swift */; };
		9B0AA80320AD4E3800747A0A /* WeatherData.swift in Sources */ = {isa = PBXBuildFile; fileRef = 9B0AA80220AD4E3800747A0A /* WeatherData.swift */; };
		9B3B75BE20ADB54700993E0C /* WeatherTableViewCell.swift in Sources */ = {isa = PBXBuildFile; fileRef = 9B3B75BD20ADB54700993E0C /* WeatherTableViewCell.swift */; };
		9B3B75C020ADB7FE00993E0C /* Extension.swift in Sources */ = {isa = PBXBuildFile; fileRef = 9B3B75BF20ADB7FE00993E0C /* Extension.swift */; };
		9B5154022117DCFD00D2F3BC /* cityList.json in Resources */ = {isa = PBXBuildFile; fileRef = 9B5154012117DCFD00D2F3BC /* cityList.json */; };
		9B5154042117DF4F00D2F3BC /* AddCityViewModel.swift in Sources */ = {isa = PBXBuildFile; fileRef = 9B5154032117DF4F00D2F3BC /* AddCityViewModel.swift */; };
		9B6F488E20B449CB00D69F9C /* FadeAnimationController.swift in Sources */ = {isa = PBXBuildFile; fileRef = 9B6F488D20B449CB00D69F9C /* FadeAnimationController.swift */; };
		9B7A540921198583006DDF76 /* AddCityTableViewController.swift in Sources */ = {isa = PBXBuildFile; fileRef = 9B7A540821198583006DDF76 /* AddCityTableViewController.swift */; };
		9B82DF0F211D6DC500F19AA6 /* HeaderCollectionViewCell.swift in Sources */ = {isa = PBXBuildFile; fileRef = 9B82DF0E211D6DC500F19AA6 /* HeaderCollectionViewCell.swift */; };
		9B85F1C320B68AA4002B0499 /* CustomNavigationController.swift in Sources */ = {isa = PBXBuildFile; fileRef = 9B85F1C220B68AA4002B0499 /* CustomNavigationController.swift */; };
		CE2AD7001A89002E174CA947 /* Pods_TheWeather.framework in Frameworks */ = {isa = PBXBuildFile; fileRef = 37F0350E274167AD5E0FAC6F /* Pods_TheWeather.framework */; };
/* End PBXBuildFile section */

/* Begin PBXFileReference section */
		34C466E8AC2B608EDDD87100 /* Pods-TheWeather.debug.xcconfig */ = {isa = PBXFileReference; includeInIndex = 1; lastKnownFileType = text.xcconfig; name = "Pods-TheWeather.debug.xcconfig"; path = "Pods/Target Support Files/Pods-TheWeather/Pods-TheWeather.debug.xcconfig"; sourceTree = "<group>"; };
		37F0350E274167AD5E0FAC6F /* Pods_TheWeather.framework */ = {isa = PBXFileReference; explicitFileType = wrapper.framework; includeInIndex = 0; path = Pods_TheWeather.framework; sourceTree = BUILT_PRODUCTS_DIR; };
		9B008209211BFAFC005761F1 /* DetailViewCollectionViewController.swift */ = {isa = PBXFileReference; lastKnownFileType = sourcecode.swift; path = DetailViewCollectionViewController.swift; sourceTree = "<group>"; };
		9B064B2D20AD39DF007F2832 /* TheWeather.app */ = {isa = PBXFileReference; explicitFileType = wrapper.application; includeInIndex = 0; path = TheWeather.app; sourceTree = BUILT_PRODUCTS_DIR; };
		9B064B3020AD39DF007F2832 /* AppDelegate.swift */ = {isa = PBXFileReference; lastKnownFileType = sourcecode.swift; path = AppDelegate.swift; sourceTree = "<group>"; };
		9B064B3520AD39DF007F2832 /* Base */ = {isa = PBXFileReference; lastKnownFileType = file.storyboard; name = Base; path = Base.lproj/Main.storyboard; sourceTree = "<group>"; };
		9B064B3720AD39E2007F2832 /* Assets.xcassets */ = {isa = PBXFileReference; lastKnownFileType = folder.assetcatalog; path = Assets.xcassets; sourceTree = "<group>"; };
		9B064B3A20AD39E2007F2832 /* Base */ = {isa = PBXFileReference; lastKnownFileType = file.storyboard; name = Base; path = Base.lproj/LaunchScreen.storyboard; sourceTree = "<group>"; };
		9B064B3C20AD39E2007F2832 /* Info.plist */ = {isa = PBXFileReference; lastKnownFileType = text.plist.xml; path = Info.plist; sourceTree = "<group>"; };
		9B090ACE2114336F00A3D508 /* City.swift */ = {isa = PBXFileReference; lastKnownFileType = sourcecode.swift; path = City.swift; sourceTree = "<group>"; };
		9B0AA7F920AD43E800747A0A /* MainTableViewController.swift */ = {isa = PBXFileReference; lastKnownFileType = sourcecode.swift; path = MainTableViewController.swift; sourceTree = "<group>"; };
		9B0AA7FC20AD48CD00747A0A /* MainViewModel.swift */ = {isa = PBXFileReference; lastKnownFileType = sourcecode.swift; path = MainViewModel.swift; sourceTree = "<group>"; };
		9B0AA7FE20AD495300747A0A /* DataHelper.swift */ = {isa = PBXFileReference; lastKnownFileType = sourcecode.swift; path = DataHelper.swift; sourceTree = "<group>"; };
		9B0AA80020AD4A1D00747A0A /* Constants.swift */ = {isa = PBXFileReference; lastKnownFileType = sourcecode.swift; path = Constants.swift; sourceTree = "<group>"; };
		9B0AA80220AD4E3800747A0A /* WeatherData.swift */ = {isa = PBXFileReference; lastKnownFileType = sourcecode.swift; path = WeatherData.swift; sourceTree = "<group>"; };
		9B3B75BD20ADB54700993E0C /* WeatherTableViewCell.swift */ = {isa = PBXFileReference; lastKnownFileType = sourcecode.swift; path = WeatherTableViewCell.swift; sourceTree = "<group>"; };
		9B3B75BF20ADB7FE00993E0C /* Extension.swift */ = {isa = PBXFileReference; lastKnownFileType = sourcecode.swift; path = Extension.swift; sourceTree = "<group>"; };
		9B5154012117DCFD00D2F3BC /* cityList.json */ = {isa = PBXFileReference; fileEncoding = 4; lastKnownFileType = text.json; path = cityList.json; sourceTree = "<group>"; };
		9B5154032117DF4F00D2F3BC /* AddCityViewModel.swift */ = {isa = PBXFileReference; lastKnownFileType = sourcecode.swift; path = AddCityViewModel.swift; sourceTree = "<group>"; };
		9B6F488D20B449CB00D69F9C /* FadeAnimationController.swift */ = {isa = PBXFileReference; lastKnownFileType = sourcecode.swift; path = FadeAnimationController.swift; sourceTree = "<group>"; };
		9B7A540821198583006DDF76 /* AddCityTableViewController.swift */ = {isa = PBXFileReference; lastKnownFileType = sourcecode.swift; path = AddCityTableViewController.swift; sourceTree = "<group>"; };
		9B82DF0E211D6DC500F19AA6 /* HeaderCollectionViewCell.swift */ = {isa = PBXFileReference; lastKnownFileType = sourcecode.swift; path = HeaderCollectionViewCell.swift; sourceTree = "<group>"; };
		9B85F1C220B68AA4002B0499 /* CustomNavigationController.swift */ = {isa = PBXFileReference; lastKnownFileType = sourcecode.swift; path = CustomNavigationController.swift; sourceTree = "<group>"; };
		F33E5EE8853A1EE3F6706787 /* Pods-TheWeather.release.xcconfig */ = {isa = PBXFileReference; includeInIndex = 1; lastKnownFileType = text.xcconfig; name = "Pods-TheWeather.release.xcconfig"; path = "Pods/Target Support Files/Pods-TheWeather/Pods-TheWeather.release.xcconfig"; sourceTree = "<group>"; };
/* End PBXFileReference section */

/* Begin PBXFrameworksBuildPhase section */
		9B064B2A20AD39DF007F2832 /* Frameworks */ = {
			isa = PBXFrameworksBuildPhase;
			buildActionMask = 2147483647;
			files = (
				CE2AD7001A89002E174CA947 /* Pods_TheWeather.framework in Frameworks */,
			);
			runOnlyForDeploymentPostprocessing = 0;
		};
/* End PBXFrameworksBuildPhase section */

/* Begin PBXGroup section */
		1E2EF66A8F666F17716C09A5 /* Pods */ = {
			isa = PBXGroup;
			children = (
				34C466E8AC2B608EDDD87100 /* Pods-TheWeather.debug.xcconfig */,
				F33E5EE8853A1EE3F6706787 /* Pods-TheWeather.release.xcconfig */,
			);
			name = Pods;
			sourceTree = "<group>";
		};
		888B59C6214749FF007C08A6 /* Constants */ = {
			isa = PBXGroup;
			children = (
				9B0AA80020AD4A1D00747A0A /* Constants.swift */,
			);
			path = Constants;
			sourceTree = "<group>";
		};
		9B064B2420AD39DF007F2832 = {
			isa = PBXGroup;
			children = (
				9B064B2F20AD39DF007F2832 /* TheWeather */,
				9B064B2E20AD39DF007F2832 /* Products */,
				1E2EF66A8F666F17716C09A5 /* Pods */,
				C14755008E93826018AD902F /* Frameworks */,
			);
			sourceTree = "<group>";
		};
		9B064B2E20AD39DF007F2832 /* Products */ = {
			isa = PBXGroup;
			children = (
				9B064B2D20AD39DF007F2832 /* TheWeather.app */,
			);
			name = Products;
			sourceTree = "<group>";
		};
		9B064B2F20AD39DF007F2832 /* TheWeather */ = {
			isa = PBXGroup;
			children = (
				9B064B3020AD39DF007F2832 /* AppDelegate.swift */,
				9B3B75C120ADCA9A00993E0C /* MainView */,
				9B3B75C220ADCAB300993E0C /* Kernel */,
				9B3B75C320ADCAFF00993E0C /* DetailView */,
				9B3B75BF20ADB7FE00993E0C /* Extension.swift */,
				9B6F488D20B449CB00D69F9C /* FadeAnimationController.swift */,
				888B59C6214749FF007C08A6 /* Constants */,
				9B85F1C220B68AA4002B0499 /* CustomNavigationController.swift */,
				9B7A540821198583006DDF76 /* AddCityTableViewController.swift */,
				9B5154032117DF4F00D2F3BC /* AddCityViewModel.swift */,
				9B5154012117DCFD00D2F3BC /* cityList.json */,
				9B064B3420AD39DF007F2832 /* Main.storyboard */,
				9B064B3720AD39E2007F2832 /* Assets.xcassets */,
				9B064B3920AD39E2007F2832 /* LaunchScreen.storyboard */,
				9B064B3C20AD39E2007F2832 /* Info.plist */,
			);
			path = TheWeather;
			sourceTree = "<group>";
		};
		9B3B75C120ADCA9A00993E0C /* MainView */ = {
			isa = PBXGroup;
			children = (
				9B0AA7F920AD43E800747A0A /* MainTableViewController.swift */,
				9B0AA7FC20AD48CD00747A0A /* MainViewModel.swift */,
				9B3B75BD20ADB54700993E0C /* WeatherTableViewCell.swift */,
			);
			path = MainView;
			sourceTree = "<group>";
		};
		9B3B75C220ADCAB300993E0C /* Kernel */ = {
			isa = PBXGroup;
			children = (
				9B0AA7FE20AD495300747A0A /* DataHelper.swift */,
				9B0AA80220AD4E3800747A0A /* WeatherData.swift */,
				9B090ACE2114336F00A3D508 /* City.swift */,
			);
			path = Kernel;
			sourceTree = "<group>";
		};
		9B3B75C320ADCAFF00993E0C /* DetailView */ = {
			isa = PBXGroup;
			children = (
				9B008209211BFAFC005761F1 /* DetailViewCollectionViewController.swift */,
				9B82DF0E211D6DC500F19AA6 /* HeaderCollectionViewCell.swift */,
			);
			path = DetailView;
			sourceTree = "<group>";
		};
		C14755008E93826018AD902F /* Frameworks */ = {
			isa = PBXGroup;
			children = (
				37F0350E274167AD5E0FAC6F /* Pods_TheWeather.framework */,
			);
			name = Frameworks;
			sourceTree = "<group>";
		};
/* End PBXGroup section */

/* Begin PBXNativeTarget section */
		9B064B2C20AD39DF007F2832 /* TheWeather */ = {
			isa = PBXNativeTarget;
			buildConfigurationList = 9B064B3F20AD39E2007F2832 /* Build configuration list for PBXNativeTarget "TheWeather" */;
			buildPhases = (
				2D643B9513F098188C4C3A46 /* [CP] Check Pods Manifest.lock */,
				9B064B2920AD39DF007F2832 /* Sources */,
				9B064B2A20AD39DF007F2832 /* Frameworks */,
				9B064B2B20AD39DF007F2832 /* Resources */,
				2E69452972499F83E73CB27C /* [CP] Embed Pods Frameworks */,
				9B0AA7FB20AD46BF00747A0A /* ShellScript */,
			);
			buildRules = (
			);
			dependencies = (
			);
			name = TheWeather;
			productName = TheWeather;
			productReference = 9B064B2D20AD39DF007F2832 /* TheWeather.app */;
			productType = "com.apple.product-type.application";
		};
/* End PBXNativeTarget section */

/* Begin PBXProject section */
		9B064B2520AD39DF007F2832 /* Project object */ = {
			isa = PBXProject;
			attributes = {
				LastSwiftUpdateCheck = 0930;
				LastUpgradeCheck = 0930;
				ORGANIZATIONNAME = queenahu;
				TargetAttributes = {
					9B064B2C20AD39DF007F2832 = {
						CreatedOnToolsVersion = 9.3.1;
						LastSwiftMigration = 1010;
					};
				};
			};
			buildConfigurationList = 9B064B2820AD39DF007F2832 /* Build configuration list for PBXProject "TheWeather" */;
			compatibilityVersion = "Xcode 9.3";
			developmentRegion = en;
			hasScannedForEncodings = 0;
			knownRegions = (
				en,
				Base,
			);
			mainGroup = 9B064B2420AD39DF007F2832;
			productRefGroup = 9B064B2E20AD39DF007F2832 /* Products */;
			projectDirPath = "";
			projectRoot = "";
			targets = (
				9B064B2C20AD39DF007F2832 /* TheWeather */,
			);
		};
/* End PBXProject section */

/* Begin PBXResourcesBuildPhase section */
		9B064B2B20AD39DF007F2832 /* Resources */ = {
			isa = PBXResourcesBuildPhase;
			buildActionMask = 2147483647;
			files = (
				9B064B3B20AD39E2007F2832 /* LaunchScreen.storyboard in Resources */,
				9B064B3820AD39E2007F2832 /* Assets.xcassets in Resources */,
				9B5154022117DCFD00D2F3BC /* cityList.json in Resources */,
				9B064B3620AD39DF007F2832 /* Main.storyboard in Resources */,
			);
			runOnlyForDeploymentPostprocessing = 0;
		};
/* End PBXResourcesBuildPhase section */

/* Begin PBXShellScriptBuildPhase section */
		2D643B9513F098188C4C3A46 /* [CP] Check Pods Manifest.lock */ = {
			isa = PBXShellScriptBuildPhase;
			buildActionMask = 2147483647;
			files = (
			);
			inputPaths = (
				"${PODS_PODFILE_DIR_PATH}/Podfile.lock",
				"${PODS_ROOT}/Manifest.lock",
			);
			name = "[CP] Check Pods Manifest.lock";
			outputPaths = (
				"$(DERIVED_FILE_DIR)/Pods-TheWeather-checkManifestLockResult.txt",
			);
			runOnlyForDeploymentPostprocessing = 0;
			shellPath = /bin/sh;
			shellScript = "diff \"${PODS_PODFILE_DIR_PATH}/Podfile.lock\" \"${PODS_ROOT}/Manifest.lock\" > /dev/null\nif [ $? != 0 ] ; then\n    # print error to STDERR\n    echo \"error: The sandbox is not in sync with the Podfile.lock. Run 'pod install' or update your CocoaPods installation.\" >&2\n    exit 1\nfi\n# This output is used by Xcode 'outputs' to avoid re-running this script phase.\necho \"SUCCESS\" > \"${SCRIPT_OUTPUT_FILE_0}\"\n";
			showEnvVarsInLog = 0;
		};
		2E69452972499F83E73CB27C /* [CP] Embed Pods Frameworks */ = {
			isa = PBXShellScriptBuildPhase;
			buildActionMask = 2147483647;
			files = (
			);
			inputPaths = (
				"${SRCROOT}/Pods/Target Support Files/Pods-TheWeather/Pods-TheWeather-frameworks.sh",
				"${BUILT_PRODUCTS_DIR}/Alamofire/Alamofire.framework",
				"${BUILT_PRODUCTS_DIR}/AlamofireImage/AlamofireImage.framework",
				"${BUILT_PRODUCTS_DIR}/CRRefresh/CRRefresh.framework",
				"${BUILT_PRODUCTS_DIR}/Realm/Realm.framework",
				"${BUILT_PRODUCTS_DIR}/RealmSwift/RealmSwift.framework",
				"${BUILT_PRODUCTS_DIR}/SnapKit/SnapKit.framework",
			);
			name = "[CP] Embed Pods Frameworks";
			outputPaths = (
				"${TARGET_BUILD_DIR}/${FRAMEWORKS_FOLDER_PATH}/Alamofire.framework",
				"${TARGET_BUILD_DIR}/${FRAMEWORKS_FOLDER_PATH}/AlamofireImage.framework",
				"${TARGET_BUILD_DIR}/${FRAMEWORKS_FOLDER_PATH}/CRRefresh.framework",
				"${TARGET_BUILD_DIR}/${FRAMEWORKS_FOLDER_PATH}/Realm.framework",
				"${TARGET_BUILD_DIR}/${FRAMEWORKS_FOLDER_PATH}/RealmSwift.framework",
				"${TARGET_BUILD_DIR}/${FRAMEWORKS_FOLDER_PATH}/SnapKit.framework",
			);
			runOnlyForDeploymentPostprocessing = 0;
			shellPath = /bin/sh;
			shellScript = "\"${SRCROOT}/Pods/Target Support Files/Pods-TheWeather/Pods-TheWeather-frameworks.sh\"\n";
			showEnvVarsInLog = 0;
		};
		9B0AA7FB20AD46BF00747A0A /* ShellScript */ = {
			isa = PBXShellScriptBuildPhase;
			buildActionMask = 2147483647;
			files = (
			);
			inputPaths = (
			);
			outputPaths = (
			);
			runOnlyForDeploymentPostprocessing = 0;
			shellPath = /bin/sh;
			shellScript = "if which swiftlint >/dev/null; then\nswiftlint\nelse\necho \"warning: SwiftLint not installed, download from https://github.com/realm/SwiftLint\"\nfi\n";
		};
/* End PBXShellScriptBuildPhase section */

/* Begin PBXSourcesBuildPhase section */
		9B064B2920AD39DF007F2832 /* Sources */ = {
			isa = PBXSourcesBuildPhase;
			buildActionMask = 2147483647;
			files = (
				9B85F1C320B68AA4002B0499 /* CustomNavigationController.swift in Sources */,
				9B090ACF2114336F00A3D508 /* City.swift in Sources */,
				9B0AA80120AD4A1D00747A0A /* Constants.swift in Sources */,
				9B0AA7FA20AD43E800747A0A /* MainTableViewController.swift in Sources */,
				9B6F488E20B449CB00D69F9C /* FadeAnimationController.swift in Sources */,
				9B3B75BE20ADB54700993E0C /* WeatherTableViewCell.swift in Sources */,
				9B7A540921198583006DDF76 /* AddCityTableViewController.swift in Sources */,
				9B0AA7FF20AD495300747A0A /* DataHelper.swift in Sources */,
				9B82DF0F211D6DC500F19AA6 /* HeaderCollectionViewCell.swift in Sources */,
				9B064B3120AD39DF007F2832 /* AppDelegate.swift in Sources */,
				9B0AA80320AD4E3800747A0A /* WeatherData.swift in Sources */,
				9B00820A211BFAFC005761F1 /* DetailViewCollectionViewController.swift in Sources */,
				9B0AA7FD20AD48CD00747A0A /* MainViewModel.swift in Sources */,
				9B3B75C020ADB7FE00993E0C /* Extension.swift in Sources */,
				9B5154042117DF4F00D2F3BC /* AddCityViewModel.swift in Sources */,
			);
			runOnlyForDeploymentPostprocessing = 0;
		};
/* End PBXSourcesBuildPhase section */

/* Begin PBXVariantGroup section */
		9B064B3420AD39DF007F2832 /* Main.storyboard */ = {
			isa = PBXVariantGroup;
			children = (
				9B064B3520AD39DF007F2832 /* Base */,
			);
			name = Main.storyboard;
			sourceTree = "<group>";
		};
		9B064B3920AD39E2007F2832 /* LaunchScreen.storyboard */ = {
			isa = PBXVariantGroup;
			children = (
				9B064B3A20AD39E2007F2832 /* Base */,
			);
			name = LaunchScreen.storyboard;
			sourceTree = "<group>";
		};
/* End PBXVariantGroup section */

/* Begin XCBuildConfiguration section */
		9B064B3D20AD39E2007F2832 /* Debug */ = {
			isa = XCBuildConfiguration;
			buildSettings = {
				ALWAYS_SEARCH_USER_PATHS = NO;
				CLANG_ANALYZER_NONNULL = YES;
				CLANG_ANALYZER_NUMBER_OBJECT_CONVERSION = YES_AGGRESSIVE;
				CLANG_CXX_LANGUAGE_STANDARD = "gnu++14";
				CLANG_CXX_LIBRARY = "libc++";
				CLANG_ENABLE_MODULES = YES;
				CLANG_ENABLE_OBJC_ARC = YES;
				CLANG_ENABLE_OBJC_WEAK = YES;
				CLANG_WARN_BLOCK_CAPTURE_AUTORELEASING = YES;
				CLANG_WARN_BOOL_CONVERSION = YES;
				CLANG_WARN_COMMA = YES;
				CLANG_WARN_CONSTANT_CONVERSION = YES;
				CLANG_WARN_DEPRECATED_OBJC_IMPLEMENTATIONS = YES;
				CLANG_WARN_DIRECT_OBJC_ISA_USAGE = YES_ERROR;
				CLANG_WARN_DOCUMENTATION_COMMENTS = YES;
				CLANG_WARN_EMPTY_BODY = YES;
				CLANG_WARN_ENUM_CONVERSION = YES;
				CLANG_WARN_INFINITE_RECURSION = YES;
				CLANG_WARN_INT_CONVERSION = YES;
				CLANG_WARN_NON_LITERAL_NULL_CONVERSION = YES;
				CLANG_WARN_OBJC_IMPLICIT_RETAIN_SELF = YES;
				CLANG_WARN_OBJC_LITERAL_CONVERSION = YES;
				CLANG_WARN_OBJC_ROOT_CLASS = YES_ERROR;
				CLANG_WARN_RANGE_LOOP_ANALYSIS = YES;
				CLANG_WARN_STRICT_PROTOTYPES = YES;
				CLANG_WARN_SUSPICIOUS_MOVE = YES;
				CLANG_WARN_UNGUARDED_AVAILABILITY = YES_AGGRESSIVE;
				CLANG_WARN_UNREACHABLE_CODE = YES;
				CLANG_WARN__DUPLICATE_METHOD_MATCH = YES;
				CODE_SIGN_IDENTITY = "iPhone Developer";
				COPY_PHASE_STRIP = NO;
				DEBUG_INFORMATION_FORMAT = dwarf;
				ENABLE_STRICT_OBJC_MSGSEND = YES;
				ENABLE_TESTABILITY = YES;
				GCC_C_LANGUAGE_STANDARD = gnu11;
				GCC_DYNAMIC_NO_PIC = NO;
				GCC_NO_COMMON_BLOCKS = YES;
				GCC_OPTIMIZATION_LEVEL = 0;
				GCC_PREPROCESSOR_DEFINITIONS = (
					"DEBUG=1",
					"$(inherited)",
				);
				GCC_WARN_64_TO_32_BIT_CONVERSION = YES;
				GCC_WARN_ABOUT_RETURN_TYPE = YES_ERROR;
				GCC_WARN_UNDECLARED_SELECTOR = YES;
				GCC_WARN_UNINITIALIZED_AUTOS = YES_AGGRESSIVE;
				GCC_WARN_UNUSED_FUNCTION = YES;
				GCC_WARN_UNUSED_VARIABLE = YES;
				IPHONEOS_DEPLOYMENT_TARGET = 11.0;
				MTL_ENABLE_DEBUG_INFO = YES;
				ONLY_ACTIVE_ARCH = YES;
				SDKROOT = iphoneos;
				SWIFT_ACTIVE_COMPILATION_CONDITIONS = DEBUG;
				SWIFT_OPTIMIZATION_LEVEL = "-Onone";
			};
			name = Debug;
		};
		9B064B3E20AD39E2007F2832 /* Release */ = {
			isa = XCBuildConfiguration;
			buildSettings = {
				ALWAYS_SEARCH_USER_PATHS = NO;
				CLANG_ANALYZER_NONNULL = YES;
				CLANG_ANALYZER_NUMBER_OBJECT_CONVERSION = YES_AGGRESSIVE;
				CLANG_CXX_LANGUAGE_STANDARD = "gnu++14";
				CLANG_CXX_LIBRARY = "libc++";
				CLANG_ENABLE_MODULES = YES;
				CLANG_ENABLE_OBJC_ARC = YES;
				CLANG_ENABLE_OBJC_WEAK = YES;
				CLANG_WARN_BLOCK_CAPTURE_AUTORELEASING = YES;
				CLANG_WARN_BOOL_CONVERSION = YES;
				CLANG_WARN_COMMA = YES;
				CLANG_WARN_CONSTANT_CONVERSION = YES;
				CLANG_WARN_DEPRECATED_OBJC_IMPLEMENTATIONS = YES;
				CLANG_WARN_DIRECT_OBJC_ISA_USAGE = YES_ERROR;
				CLANG_WARN_DOCUMENTATION_COMMENTS = YES;
				CLANG_WARN_EMPTY_BODY = YES;
				CLANG_WARN_ENUM_CONVERSION = YES;
				CLANG_WARN_INFINITE_RECURSION = YES;
				CLANG_WARN_INT_CONVERSION = YES;
				CLANG_WARN_NON_LITERAL_NULL_CONVERSION = YES;
				CLANG_WARN_OBJC_IMPLICIT_RETAIN_SELF = YES;
				CLANG_WARN_OBJC_LITERAL_CONVERSION = YES;
				CLANG_WARN_OBJC_ROOT_CLASS = YES_ERROR;
				CLANG_WARN_RANGE_LOOP_ANALYSIS = YES;
				CLANG_WARN_STRICT_PROTOTYPES = YES;
				CLANG_WARN_SUSPICIOUS_MOVE = YES;
				CLANG_WARN_UNGUARDED_AVAILABILITY = YES_AGGRESSIVE;
				CLANG_WARN_UNREACHABLE_CODE = YES;
				CLANG_WARN__DUPLICATE_METHOD_MATCH = YES;
				CODE_SIGN_IDENTITY = "iPhone Developer";
				COPY_PHASE_STRIP = NO;
				DEBUG_INFORMATION_FORMAT = "dwarf-with-dsym";
				ENABLE_NS_ASSERTIONS = NO;
				ENABLE_STRICT_OBJC_MSGSEND = YES;
				GCC_C_LANGUAGE_STANDARD = gnu11;
				GCC_NO_COMMON_BLOCKS = YES;
				GCC_WARN_64_TO_32_BIT_CONVERSION = YES;
				GCC_WARN_ABOUT_RETURN_TYPE = YES_ERROR;
				GCC_WARN_UNDECLARED_SELECTOR = YES;
				GCC_WARN_UNINITIALIZED_AUTOS = YES_AGGRESSIVE;
				GCC_WARN_UNUSED_FUNCTION = YES;
				GCC_WARN_UNUSED_VARIABLE = YES;
				IPHONEOS_DEPLOYMENT_TARGET = 11.0;
				MTL_ENABLE_DEBUG_INFO = NO;
				SDKROOT = iphoneos;
				SWIFT_COMPILATION_MODE = wholemodule;
				SWIFT_OPTIMIZATION_LEVEL = "-O";
				VALIDATE_PRODUCT = YES;
			};
			name = Release;
		};
		9B064B4020AD39E2007F2832 /* Debug */ = {
			isa = XCBuildConfiguration;
			baseConfigurationReference = 34C466E8AC2B608EDDD87100 /* Pods-TheWeather.debug.xcconfig */;
			buildSettings = {
				ASSETCATALOG_COMPILER_APPICON_NAME = AppIcon;
				CODE_SIGN_STYLE = Automatic;
				DEVELOPMENT_TEAM = 383HSRD9U3;
				INFOPLIST_FILE = TheWeather/Info.plist;
				LD_RUNPATH_SEARCH_PATHS = (
					"$(inherited)",
					"@executable_path/Frameworks",
				);
				PRODUCT_BUNDLE_IDENTIFIER = com.queenahu.TheWeather;
				PRODUCT_NAME = "$(TARGET_NAME)";
				SWIFT_VERSION = 4.2;
				TARGETED_DEVICE_FAMILY = "1,2";
			};
			name = Debug;
		};
		9B064B4120AD39E2007F2832 /* Release */ = {
			isa = XCBuildConfiguration;
			baseConfigurationReference = F33E5EE8853A1EE3F6706787 /* Pods-TheWeather.release.xcconfig */;
			buildSettings = {
				ASSETCATALOG_COMPILER_APPICON_NAME = AppIcon;
				CODE_SIGN_STYLE = Automatic;
				DEVELOPMENT_TEAM = 383HSRD9U3;
				INFOPLIST_FILE = TheWeather/Info.plist;
				LD_RUNPATH_SEARCH_PATHS = (
					"$(inherited)",
					"@executable_path/Frameworks",
				);
				PRODUCT_BUNDLE_IDENTIFIER = com.queenahu.TheWeather;
				PRODUCT_NAME = "$(TARGET_NAME)";
				SWIFT_VERSION = 4.2;
				TARGETED_DEVICE_FAMILY = "1,2";
			};
			name = Release;
		};
/* End XCBuildConfiguration section */

/* Begin XCConfigurationList section */
		9B064B2820AD39DF007F2832 /* Build configuration list for PBXProject "TheWeather" */ = {
			isa = XCConfigurationList;
			buildConfigurations = (
				9B064B3D20AD39E2007F2832 /* Debug */,
				9B064B3E20AD39E2007F2832 /* Release */,
			);
			defaultConfigurationIsVisible = 0;
			defaultConfigurationName = Release;
		};
		9B064B3F20AD39E2007F2832 /* Build configuration list for PBXNativeTarget "TheWeather" */ = {
			isa = XCConfigurationList;
			buildConfigurations = (
				9B064B4020AD39E2007F2832 /* Debug */,
				9B064B4120AD39E2007F2832 /* Release */,
			);
			defaultConfigurationIsVisible = 0;
			defaultConfigurationName = Release;
		};
/* End XCConfigurationList section */
	};
	rootObject = 9B064B2520AD39DF007F2832 /* Project object */;
}
